
Microsoft Visual Studio Solution File, Format Version 12.00
# Visual Studio Version 16
VisualStudioVersion = 16.0.31605.320
MinimumVisualStudioVersion = 10.0.40219.1
Project("{FAE04EC0-301F-11D3-BF4B-00C04F79EFBC}") = "MathTest", "MathTest\MathTest.csproj", "{CF76AF36-B41C-47CA-BE9B-463B0B3D2DC1}"
EndProject
Global
	GlobalSection(SolutionConfigurationPlatforms) = preSolution
		Debug|Any CPU = Debug|Any CPU
		Release|Any CPU = Release|Any CPU
	EndGlobalSection
	GlobalSection(ProjectConfigurationPlatforms) = postSolution
		{CF76AF36-B41C-47CA-BE9B-463B0B3D2DC1}.Debug|Any CPU.ActiveCfg = Debug|Any CPU
		{CF76AF36-B41C-47CA-BE9B-463B0B3D2DC1}.Debug|Any CPU.Build.0 = Debug|Any CPU
		{CF76AF36-B41C-47CA-BE9B-463B0B3D2DC1}.Release|Any CPU.ActiveCfg = Release|Any CPU
		{CF76AF36-B41C-47CA-BE9B-463B0B3D2DC1}.Release|Any CPU.Build.0 = Release|Any CPU
	EndGlobalSection
	GlobalSection(SolutionProperties) = preSolution
		HideSolutionNode = FALSE
	EndGlobalSection
	GlobalSection(ExtensibilityGlobals) = postSolution
		SolutionGuid = {69AFB43C-E405-46A5-A718-2AA4BA788147}
	EndGlobalSection
EndGlobal
